# This file was autogenerated by Stack.
# You should not edit this file by hand.
# For more information, please see the documentation at:
#   https://docs.haskellstack.org/en/stable/lock_files

packages:
- completed:
    hackage: list-singleton-1.0.0.2@sha256:985c07bd5e44f3e21ff460b474b5fcc3c33c7082eaedf67905378ec707e7c4d0,1100
    pantry-tree:
      size: 414
      sha256: b992fe25c3c892f120936a2b6e5743039151a939682423e9acd68723406c0198
  original:
    hackage: list-singleton-1.0.0.2@sha256:985c07bd5e44f3e21ff460b474b5fcc3c33c7082eaedf67905378ec707e7c4d0,1100
snapshots:
- completed:
    size: 525876
    url: https://raw.githubusercontent.com/commercialhaskell/stackage-snapshots/master/lts/14/13.yaml
    sha256: 4a0e79eb194c937cc2a1852ff84d983c63ac348dc6bad5f38d20cab697036eef
  original: lts-14.13
